accelerate==1.15.0
aiohappyeyeballs==2.7.1
aiohttp==3.14.3
aiohttp-jinja2==1.6
aioice==0.10.2
aioquic==1.3.0
aiortc==1.15.0
aiosignal==1.4.0
annotated-doc==0.0.5
annotated-types==0.8.0
annotation-protocol==1.4.0
antlr4-python3-runtime==4.9.3
anyio==4.15.1
asttokens==3.0.2
attrs==26.1.0
av==17.1.0
bcrypt==5.0.0
beartype==0.22.9
bidict==0.24.1
bleak==3.0.2
blinker==1.9.0
build==1.6.1
certifi==2026.7.22
cffi==2.1.1
charset-normalizer==3.5.1
chromadb==1.5.9
click==8.5.0
cloudpickle==3.1.2
cmeel==0.61.0
cmeel-assimp==6.0.5
cmeel-boost==1.90.0
cmeel-console-bridge==1.0.2.3
cmeel-octomap==1.10.0
cmeel-qhull==8.0.2.1
cmeel-tinyxml2==11.0.0
cmeel-urdfdom==6.0.0
cmeel-zlib==1.3.2
coal==3.0.3
colorlog==6.12.0
comm==0.2.3
configargparse==1.7.7
contourpy==1.4.0
cryptography==50.0.1
ctranslate2==4.8.2
curl-cffi==0.16.3
cycler==0.12.1
dash==4.4.1
dbus-fast==5.0.22
dimos==0.0.14
dimos-lcm==0.1.4
dimos-viewer==0.32.0a2
distro==1.9.0
dnspython==2.8.0
durationpy==0.11
eclipse-zenoh==1.10.1
edgetam-dimos==1.0.1
eigenpy==3.13.0
einops==0.8.2
embreex==4.4.0
executing==2.2.1
fastapi==0.141.1
faster-whisper==1.2.1
fastjsonschema==2.22.2
ffmpeg-python==0.2.0
filelock==3.32.7
flask==3.1.3
flask-socketio==5.6.1
flatbuffers==25.12.19
fonttools==4.66.0
foxglove-websocket==0.1.4
frozenlist==1.8.0
fsspec==2026.9.0
future==1.0.0
gitdb==4.0.12
gitpython==3.1.62
google-crc32c==1.9.0
googleapis-common-protos==1.75.4
grpcio==1.84.0
gtsam-extended==4.3a2.post202608230024
h11==0.16.0
hf-xet==1.6.0
httpcore==1.0.9
httpcore2==2.13.1
httptools==0.8.0
httpx==0.28.1
httpx2==2.13.1
huggingface-hub==0.36.2
hydra-core==1.3.7
idna==3.20
ifaddr==0.2.0
imagecodecs==2026.8.16
importlib-metadata==8.7.1
importlib-resources==7.1.0
iniconfig==2.3.0
iopath==0.1.10
ipython==9.17.1
ipython-pygments-lexers==1.1.1
ipywidgets==8.1.9
itsdangerous==2.2.0
janus==2.0.0
jaraco-classes==3.4.0
jaraco-context==6.1.2
jaraco-functools==4.6.0
jedi==0.20.0
jeepney==0.9.0
jinja2==3.1.6
jiter==0.17.0
jsonlines==4.0.0
jsonpatch==1.33
jsonpointer==3.1.1
jsonschema==4.26.0
jsonschema-specifications==2025.9.1
jupyter-core==5.9.1
jupyterlab-widgets==3.0.17
kestrel==0.8.2
kestrel-kernels==0.7.3
kestrel-kernels-bundle-a==0.7.3
kestrel-kernels-bundle-b==0.7.3
kestrel-kernels-bundle-c==0.7.3
kestrel-kernels-bundle-d==0.7.3
kestrel-kernels-bundle-e==0.7.3
kestrel-kernels-bundle-f==0.7.3
kestrel-kernels-bundle-g==0.7.3
kestrel-kernels-bundle-h==0.7.3
kestrel-native==0.1.8
keyring==25.7.0
kiwisolver==1.5.1
kubernetes==36.0.3
langchain==1.2.3
langchain-core==1.6.5
langchain-huggingface==1.2.2
langchain-ollama==1.1.0
langchain-openai==1.6.6
langchain-protocol==0.0.19
langgraph==1.0.10
langgraph-checkpoint==4.2.0
langgraph-prebuilt==1.0.8
langgraph-sdk==0.3.15
langsmith==0.14.0
lap==0.5.13
lazy-loader==0.6
lcm-dimos-fork==1.5.2.post1
libcoal==3.0.3
libpinocchio==4.1.0
linkify-it-py==2.2.0
llvmlite==0.49.0
loop-rate-limiters==1.2.0
lxml==6.1.3
lz4==4.4.5
manifold3d==3.5.3
mapbox-earcut==2.1.0
markdown-it-py==4.2.0
markupsafe==3.0.3
matplotlib==3.11.2
matplotlib-inline==0.2.2
mdit-py-plugins==0.6.1
mdurl==0.1.2
mmh3==5.3.0
moondream==2.5.0
more-itertools==11.1.0
mpmath==1.3.0
multidict==6.9.1
narwhals==2.26.0
nbformat==5.11.1
nest-asyncio==1.6.0
networkx==3.7
numba==0.67.0
numpy==2.5.3
nvidia-ml-py==13.610.43
oauthlib==3.3.1
ollama==0.6.2
omegaconf==2.3.1
onnxruntime==1.30.0
open3d==0.20.0
openai==3.19.2
opencv-contrib-python==4.14.0.94
openevals==0.2.0
opentelemetry-api==1.44.0
opentelemetry-exporter-otlp-proto-common==1.44.0
opentelemetry-exporter-otlp-proto-grpc==1.44.0
opentelemetry-proto==1.44.0
opentelemetry-sdk==1.44.0
opentelemetry-semantic-conventions==0.65b0
orjson==3.12.0
ormsgpack==1.12.2
overrides==7.7.0
packaging==26.3
parso==0.8.7
pexpect==4.9.0
pillow==12.3.0
pin==4.1.0
pin-pink==4.4.0
platformdirs==4.11.12
plotext==5.3.2
plotly==7.1.0
pluggy==1.6.0
plum-dispatch==2.5.7
polars==1.44.2
polars-runtime-32==1.44.2
portalocker==4.4.0
prompt-toolkit==3.0.53
propcache==0.5.4
protobuf==6.33.6
proxsuite==0.7.3
psutil==7.2.2
ptyprocess==0.7.0
pure-eval==0.2.4
pyarrow==25.0.1
pyaudio==0.2.14
pybase64==1.5.0
pycollada==0.9.3
pycparser==3.0
pycryptodome==3.23.0
pydantic==2.13.5
pydantic-core==2.46.5
pydantic-settings==2.15.0
pydub==0.25.1
pyee==14.0.0
pygments==2.21.0
pylibsrtp==1.0.0
pylsqpack==0.3.24
pyopenssl==26.4.0
pyparsing==3.3.3
pypika==0.51.1
pyproject-hooks==1.3.3
pytest==8.3.5
python-dateutil==2.9.0.post0
python-dotenv==1.2.3
python-engineio==4.14.0
python-multipart==0.0.32
python-socketio==5.17.0
pyturbojpeg==1.8.2
pyyaml==6.0.3
qpsolvers==4.13.0
reactivex==5.1.0
referencing==0.37.0
regex==2026.9.10
requests==2.34.2
requests-oauthlib==2.0.0
requests-toolbelt==1.0.0
rerun-sdk==0.32.0
retrying==1.4.2
rich==15.0.0
rpds-py==2026.6.3
rtree==1.4.1
ruff==0.16.9
safetensors==0.8.0
scipy==1.18.1
secretstorage==3.5.0
sentencepiece==0.2.2
service-identity==26.1.0
setuptools==84.0.0
shapely==2.1.2
shellingham==1.5.4
simple-websocket==1.1.0
six==1.17.0
smmap==5.0.3
sniffio==1.3.1
sortedcontainers==2.4.0
sounddevice==0.5.6
soundfile==0.14.0
sqlite-vec==0.1.9
sse-starlette==3.4.11
stack-data==0.6.3
starlette==1.7.0
structlog==25.5.0
svg-path==7.1
sympy==1.14.0
tenacity==9.1.4
terminaltexteffects==0.12.2
textual==3.7.1
textual-serve==1.1.3
tiktoken==0.14.0
timm==1.0.30
tokenizers==0.21.4
toolz==1.1.0
torch==2.7.1+cpu
torch-c-dlpack-ext==0.1.5
torchvision==0.22.1+cpu
tqdm==4.70.1
traitlets==5.16.1
transformers==4.53.3
trimesh==5.1.0
truststore==0.10.4
typer==0.27.2
typing-extensions==4.16.0
typing-inspection==0.4.4
ultralytics==8.4.162
ultralytics-platform==0.1.65
ultralytics-thop==2.1.6
unitree-webrtc-connect==2.1.2
urllib3==2.8.0
uuid-utils==0.17.1
uvicorn==0.53.0
uvloop==0.22.1
vhacdx==0.1.0
wasmtime==49.0.0
watchfiles==1.3.0
wcwidth==0.9.1
websocket-client==1.9.2
websockets==17.1
werkzeug==3.1.8
widgetsnbextension==4.0.16
wsproto==1.3.2
xxhash==4.0.1
yarl==1.25.1
yourdfpy==0.0.60
zipp==4.1.0
zstandard==0.25.0
